{
  "nodes": {
    "baton": {
      "inputs": {
        "flake-schemas": "flake-schemas",
        "nixpkgs": "nixpkgs"
      },
      "locked": {
        "lastModified": 1745535356,
        "narHash": "sha256-th7PiOdIuELEbjwsVdWqGuA9dEd47KrAwkxUxhBfg68=",
        "owner": "conductorOne",
        "repo": "baton",
        "rev": "4233783e54cc54d9de55968a65d4c33829764ed4",
        "type": "github"
      },
      "original": {
        "owner": "conductorOne",
        "repo": "baton",
        "type": "github"
      }
    },
    "flake-schemas": {
      "locked": {
        "lastModified": 1721999734,
        "narHash": "sha256-G5CxYeJVm4lcEtaO87LKzOsVnWeTcHGKbKxNamNWgOw=",
        "rev": "0a5c42297d870156d9c57d8f99e476b738dcd982",
        "revCount": 75,
        "type": "tarball",
        "url": "https://api.flakehub.com/f/pinned/DeterminateSystems/flake-schemas/0.1.5/0190ef2f-61e0-794b-ba14-e82f225e55e6/source.tar.gz?rev=0a5c42297d870156d9c57d8f99e476b738dcd982&revCount=75"
      },
      "original": {
        "type": "tarball",
        "url": "https://flakehub.com/f/DeterminateSystems/flake-schemas/%2A"
      }
    },
    "flake-schemas_2": {
      "locked": {
        "lastModified": 1721999734,
        "narHash": "sha256-G5CxYeJVm4lcEtaO87LKzOsVnWeTcHGKbKxNamNWgOw=",
        "rev": "0a5c42297d870156d9c57d8f99e476b738dcd982",
        "revCount": 75,
        "type": "tarball",
        "url": "https://api.flakehub.com/f/pinned/DeterminateSystems/flake-schemas/0.1.5/0190ef2f-61e0-794b-ba14-e82f225e55e6/source.tar.gz"
      },
      "original": {
        "type": "tarball",
        "url": "https://flakehub.com/f/DeterminateSystems/flake-schemas/%2A"
      }
    },
    "nixpkgs": {
      "locked": {
        "lastModified": 1740560979,
        "narHash": "sha256-Vr3Qi346M+8CjedtbyUevIGDZW8LcA1fTG0ugPY/Hic=",
        "rev": "5135c59491985879812717f4c9fea69604e7f26f",
        "revCount": 759373,
        "type": "tarball",
        "url": "https://api.flakehub.com/f/pinned/NixOS/nixpkgs/0.1.759373%2Brev-5135c59491985879812717f4c9fea69604e7f26f/01954717-66bd-7790-a1bd-a3f4d391b390/source.tar.gz?rev=5135c59491985879812717f4c9fea69604e7f26f&revCount=759373"
      },
      "original": {
        "type": "tarball",
        "url": "https://flakehub.com/f/NixOS/nixpkgs/0.1"
      }
    },
    "nixpkgs_2": {
      "locked": {
        "lastModified": 1746422338,
        "narHash": "sha256-NTtKOTLQv6dPfRe00OGSywg37A1FYqldS6xiNmqBUYc=",
        "rev": "5b35d248e9206c1f3baf8de6a7683fee126364aa",
        "revCount": 717703,
        "type": "tarball",
        "url": "https://api.flakehub.com/f/pinned/NixOS/nixpkgs/0.2411.717703%2Brev-5b35d248e9206c1f3baf8de6a7683fee126364aa/01969fd3-4335-7c69-b5e3-2a7800baaab9/source.tar.gz"
      },
      "original": {
        "type": "tarball",
        "url": "https://flakehub.com/f/NixOS/nixpkgs/%2A"
      }
    },
    "root": {
      "inputs": {
        "baton": "baton",
        "flake-schemas": "flake-schemas_2",
        "nixpkgs": "nixpkgs_2"
      }
    }
  },
  "root": "root",
  "version": 7
}
